
Microsoft Visual Studio Solution File, Format Version 12.00
# Visual Studio Version 16
VisualStudioVersion = 16.0.30320.27
MinimumVisualStudioVersion = 15.0.26124.0
Project("{9A19103F-16F7-4668-BE54-9A1E7A4F7556}") = "Serialize.OpenXml.CodeGen", "src\Serialize.OpenXml.CodeGen\src\Serialize.OpenXml.CodeGen\Serialize.OpenXml.CodeGen.csproj", "{37F5CAA1-EFBD-4339-A3C8-A55FFE7CA873}"
EndProject
Project("{FAE04EC0-301F-11D3-BF4B-00C04F79EFBC}") = "DocxToSource.Wpf", "src\DocxToSource.Wpf\DocxToSource.Wpf.csproj", "{D1C3D3D1-129B-48E1-B209-7EDCD9CAF33A}"
EndProject
Global
	GlobalSection(SolutionConfigurationPlatforms) = preSolution
		Debug|Any CPU = Debug|Any CPU
		Debug|x64 = Debug|x64
		Debug|x86 = Debug|x86
		Release|Any CPU = Release|Any CPU
		Release|x64 = Release|x64
		Release|x86 = Release|x86
	EndGlobalSection
	GlobalSection(ProjectConfigurationPlatforms) = postSolution
		{37F5CAA1-EFBD-4339-A3C8-A55FFE7CA873}.Debug|Any CPU.ActiveCfg = Debug|Any CPU
		{37F5CAA1-EFBD-4339-A3C8-A55FFE7CA873}.Debug|Any CPU.Build.0 = Debug|Any CPU
		{37F5CAA1-EFBD-4339-A3C8-A55FFE7CA873}.Debug|x64.ActiveCfg = Debug|Any CPU
		{37F5CAA1-EFBD-4339-A3C8-A55FFE7CA873}.Debug|x64.Build.0 = Debug|Any CPU
		{37F5CAA1-EFBD-4339-A3C8-A55FFE7CA873}.Debug|x86.ActiveCfg = Debug|Any CPU
		{37F5CAA1-EFBD-4339-A3C8-A55FFE7CA873}.Debug|x86.Build.0 = Debug|Any CPU
		{37F5CAA1-EFBD-4339-A3C8-A55FFE7CA873}.Release|Any CPU.ActiveCfg = Release|Any CPU
		{37F5CAA1-EFBD-4339-A3C8-A55FFE7CA873}.Release|Any CPU.Build.0 = Release|Any CPU
		{37F5CAA1-EFBD-4339-A3C8-A55FFE7CA873}.Release|x64.ActiveCfg = Release|Any CPU
		{37F5CAA1-EFBD-4339-A3C8-A55FFE7CA873}.Release|x64.Build.0 = Release|Any CPU
		{37F5CAA1-EFBD-4339-A3C8-A55FFE7CA873}.Release|x86.ActiveCfg = Release|Any CPU
		{37F5CAA1-EFBD-4339-A3C8-A55FFE7CA873}.Release|x86.Build.0 = Release|Any CPU
		{D1C3D3D1-129B-48E1-B209-7EDCD9CAF33A}.Debug|Any CPU.ActiveCfg = Debug|Any CPU
		{D1C3D3D1-129B-48E1-B209-7EDCD9CAF33A}.Debug|Any CPU.Build.0 = Debug|Any CPU
		{D1C3D3D1-129B-48E1-B209-7EDCD9CAF33A}.Debug|x64.ActiveCfg = Debug|Any CPU
		{D1C3D3D1-129B-48E1-B209-7EDCD9CAF33A}.Debug|x64.Build.0 = Debug|Any CPU
		{D1C3D3D1-129B-48E1-B209-7EDCD9CAF33A}.Debug|x86.ActiveCfg = Debug|Any CPU
		{D1C3D3D1-129B-48E1-B209-7EDCD9CAF33A}.Debug|x86.Build.0 = Debug|Any CPU
		{D1C3D3D1-129B-48E1-B209-7EDCD9CAF33A}.Release|Any CPU.ActiveCfg = Release|Any CPU
		{D1C3D3D1-129B-48E1-B209-7EDCD9CAF33A}.Release|Any CPU.Build.0 = Release|Any CPU
		{D1C3D3D1-129B-48E1-B209-7EDCD9CAF33A}.Release|x64.ActiveCfg = Release|Any CPU
		{D1C3D3D1-129B-48E1-B209-7EDCD9CAF33A}.Release|x64.Build.0 = Release|Any CPU
		{D1C3D3D1-129B-48E1-B209-7EDCD9CAF33A}.Release|x86.ActiveCfg = Release|Any CPU
		{D1C3D3D1-129B-48E1-B209-7EDCD9CAF33A}.Release|x86.Build.0 = Release|Any CPU
	EndGlobalSection
	GlobalSection(SolutionProperties) = preSolution
		HideSolutionNode = FALSE
	EndGlobalSection
	GlobalSection(ExtensibilityGlobals) = postSolution
		SolutionGuid = {C8E14DAF-E20E-4E79-A2BD-412E5B801C94}
	EndGlobalSection
EndGlobal
