
Microsoft Visual Studio Solution File, Format Version 12.00
# Visual Studio Version 16
VisualStudioVersion = 16.0.30320.27
MinimumVisualStudioVersion = 15.0.26124.0
Project("{9A19103F-16F7-4668-BE54-9A1E7A4F7556}") = "Serialize.OpenXml.CodeGen", "src\Serialize.OpenXml.CodeGen\src\Serialize.OpenXml.CodeGen\Serialize.OpenXml.CodeGen.csproj", "{37F5CAA1-EFBD-4339-A3C8-A55FFE7CA873}"
EndProject
Project("{9A19103F-16F7-4668-BE54-9A1E7A4F7556}") = "DocxToSource", "src\DocxToSource\DocxToSource.csproj", "{36832DD8-0566-43DA-BD5A-EC9D0615C0D0}"
EndProject
Project("{2150E333-8FDC-42A3-9474-1A3956D46DE8}") = "Solution Items", "Solution Items", "{32A4D3A0-1968-4F9D-A905-2E625C3F5CD0}"
	ProjectSection(SolutionItems) = preProject
		.editorconfig = .editorconfig
		.gitignore = .gitignore
		build.cake = build.cake
		LICENSE = LICENSE
		README.md = README.md
	EndProjectSection
EndProject
Global
	GlobalSection(SolutionConfigurationPlatforms) = preSolution
		Debug|Any CPU = Debug|Any CPU
		Debug|x64 = Debug|x64
		Debug|x86 = Debug|x86
		Release|Any CPU = Release|Any CPU
		Release|x64 = Release|x64
		Release|x86 = Release|x86
	EndGlobalSection
	GlobalSection(ProjectConfigurationPlatforms) = postSolution
		{37F5CAA1-EFBD-4339-A3C8-A55FFE7CA873}.Debug|Any CPU.ActiveCfg = Debug|Any CPU
		{37F5CAA1-EFBD-4339-A3C8-A55FFE7CA873}.Debug|Any CPU.Build.0 = Debug|Any CPU
		{37F5CAA1-EFBD-4339-A3C8-A55FFE7CA873}.Debug|x64.ActiveCfg = Debug|Any CPU
		{37F5CAA1-EFBD-4339-A3C8-A55FFE7CA873}.Debug|x64.Build.0 = Debug|Any CPU
		{37F5CAA1-EFBD-4339-A3C8-A55FFE7CA873}.Debug|x86.ActiveCfg = Debug|Any CPU
		{37F5CAA1-EFBD-4339-A3C8-A55FFE7CA873}.Debug|x86.Build.0 = Debug|Any CPU
		{37F5CAA1-EFBD-4339-A3C8-A55FFE7CA873}.Release|Any CPU.ActiveCfg = Release|Any CPU
		{37F5CAA1-EFBD-4339-A3C8-A55FFE7CA873}.Release|Any CPU.Build.0 = Release|Any CPU
		{37F5CAA1-EFBD-4339-A3C8-A55FFE7CA873}.Release|x64.ActiveCfg = Release|Any CPU
		{37F5CAA1-EFBD-4339-A3C8-A55FFE7CA873}.Release|x64.Build.0 = Release|Any CPU
		{37F5CAA1-EFBD-4339-A3C8-A55FFE7CA873}.Release|x86.ActiveCfg = Release|Any CPU
		{37F5CAA1-EFBD-4339-A3C8-A55FFE7CA873}.Release|x86.Build.0 = Release|Any CPU
		{36832DD8-0566-43DA-BD5A-EC9D0615C0D0}.Debug|Any CPU.ActiveCfg = Debug|Any CPU
		{36832DD8-0566-43DA-BD5A-EC9D0615C0D0}.Debug|Any CPU.Build.0 = Debug|Any CPU
		{36832DD8-0566-43DA-BD5A-EC9D0615C0D0}.Debug|x64.ActiveCfg = Debug|Any CPU
		{36832DD8-0566-43DA-BD5A-EC9D0615C0D0}.Debug|x64.Build.0 = Debug|Any CPU
		{36832DD8-0566-43DA-BD5A-EC9D0615C0D0}.Debug|x86.ActiveCfg = Debug|Any CPU
		{36832DD8-0566-43DA-BD5A-EC9D0615C0D0}.Debug|x86.Build.0 = Debug|Any CPU
		{36832DD8-0566-43DA-BD5A-EC9D0615C0D0}.Release|Any CPU.ActiveCfg = Release|Any CPU
		{36832DD8-0566-43DA-BD5A-EC9D0615C0D0}.Release|Any CPU.Build.0 = Release|Any CPU
		{36832DD8-0566-43DA-BD5A-EC9D0615C0D0}.Release|x64.ActiveCfg = Release|Any CPU
		{36832DD8-0566-43DA-BD5A-EC9D0615C0D0}.Release|x64.Build.0 = Release|Any CPU
		{36832DD8-0566-43DA-BD5A-EC9D0615C0D0}.Release|x86.ActiveCfg = Release|Any CPU
		{36832DD8-0566-43DA-BD5A-EC9D0615C0D0}.Release|x86.Build.0 = Release|Any CPU
	EndGlobalSection
	GlobalSection(SolutionProperties) = preSolution
		HideSolutionNode = FALSE
	EndGlobalSection
	GlobalSection(ExtensibilityGlobals) = postSolution
		SolutionGuid = {C8E14DAF-E20E-4E79-A2BD-412E5B801C94}
	EndGlobalSection
EndGlobal
